
Microsoft Visual Studio Solution File, Format Version 12.00
# Visual Studio Version 17
VisualStudioVersion = 17.11.35222.181
MinimumVisualStudioVersion = 10.0.40219.1
Project("{FAE04EC0-301F-11D3-BF4B-00C04F79EFBC}") = "OS04_04", "OS04_04\OS04_04.csproj", "{751B3943-8E74-4F45-AF4E-4AFD214A64C2}"
EndProject
Global
	GlobalSection(SolutionConfigurationPlatforms) = preSolution
		Debug|Any CPU = Debug|Any CPU
		Release|Any CPU = Release|Any CPU
	EndGlobalSection
	GlobalSection(ProjectConfigurationPlatforms) = postSolution
		{751B3943-8E74-4F45-AF4E-4AFD214A64C2}.Debug|Any CPU.ActiveCfg = Debug|Any CPU
		{751B3943-8E74-4F45-AF4E-4AFD214A64C2}.Debug|Any CPU.Build.0 = Debug|Any CPU
		{751B3943-8E74-4F45-AF4E-4AFD214A64C2}.Release|Any CPU.ActiveCfg = Release|Any CPU
		{751B3943-8E74-4F45-AF4E-4AFD214A64C2}.Release|Any CPU.Build.0 = Release|Any CPU
	EndGlobalSection
	GlobalSection(SolutionProperties) = preSolution
		HideSolutionNode = FALSE
	EndGlobalSection
	GlobalSection(ExtensibilityGlobals) = postSolution
		SolutionGuid = {BE6D1471-A606-411D-81E8-74C1D2DE52A5}
	EndGlobalSection
EndGlobal
