
Microsoft Visual Studio Solution File, Format Version 12.00
# Visual Studio Version 17
VisualStudioVersion = 17.11.35222.181
MinimumVisualStudioVersion = 10.0.40219.1
Project("{FAE04EC0-301F-11D3-BF4B-00C04F79EFBC}") = "OS04_06", "OS04_06\OS04_06.csproj", "{1FDAE42D-F0F4-4A69-A30B-E9497981FFF3}"
EndProject
Global
	GlobalSection(SolutionConfigurationPlatforms) = preSolution
		Debug|Any CPU = Debug|Any CPU
		Release|Any CPU = Release|Any CPU
	EndGlobalSection
	GlobalSection(ProjectConfigurationPlatforms) = postSolution
		{1FDAE42D-F0F4-4A69-A30B-E9497981FFF3}.Debug|Any CPU.ActiveCfg = Debug|Any CPU
		{1FDAE42D-F0F4-4A69-A30B-E9497981FFF3}.Debug|Any CPU.Build.0 = Debug|Any CPU
		{1FDAE42D-F0F4-4A69-A30B-E9497981FFF3}.Release|Any CPU.ActiveCfg = Release|Any CPU
		{1FDAE42D-F0F4-4A69-A30B-E9497981FFF3}.Release|Any CPU.Build.0 = Release|Any CPU
	EndGlobalSection
	GlobalSection(SolutionProperties) = preSolution
		HideSolutionNode = FALSE
	EndGlobalSection
	GlobalSection(ExtensibilityGlobals) = postSolution
		SolutionGuid = {3E067174-DE96-4117-931B-667CD76CC7AD}
	EndGlobalSection
EndGlobal
