
Microsoft Visual Studio Solution File, Format Version 12.00
# Visual Studio Version 17
VisualStudioVersion = 17.11.35222.181
MinimumVisualStudioVersion = 10.0.40219.1
Project("{FAE04EC0-301F-11D3-BF4B-00C04F79EFBC}") = "OS04_05", "OS04_05\OS04_05.csproj", "{5AB0D7AC-1B07-455C-8BC1-97DF6FD19036}"
EndProject
Global
	GlobalSection(SolutionConfigurationPlatforms) = preSolution
		Debug|Any CPU = Debug|Any CPU
		Release|Any CPU = Release|Any CPU
	EndGlobalSection
	GlobalSection(ProjectConfigurationPlatforms) = postSolution
		{5AB0D7AC-1B07-455C-8BC1-97DF6FD19036}.Debug|Any CPU.ActiveCfg = Debug|Any CPU
		{5AB0D7AC-1B07-455C-8BC1-97DF6FD19036}.Debug|Any CPU.Build.0 = Debug|Any CPU
		{5AB0D7AC-1B07-455C-8BC1-97DF6FD19036}.Release|Any CPU.ActiveCfg = Release|Any CPU
		{5AB0D7AC-1B07-455C-8BC1-97DF6FD19036}.Release|Any CPU.Build.0 = Release|Any CPU
	EndGlobalSection
	GlobalSection(SolutionProperties) = preSolution
		HideSolutionNode = FALSE
	EndGlobalSection
	GlobalSection(ExtensibilityGlobals) = postSolution
		SolutionGuid = {E21CB81F-D907-4DEC-93C5-81F4CEA7426B}
	EndGlobalSection
EndGlobal
