
Microsoft Visual Studio Solution File, Format Version 12.00
# Visual Studio Version 17
VisualStudioVersion = 17.11.35222.181
MinimumVisualStudioVersion = 10.0.40219.1
Project("{8BC9CEB8-8B4A-11D0-8D11-00A0C91BC942}") = "OSO6_02", "OSO6_02\OSO6_02.vcxproj", "{34699CD9-0878-46DC-8AE8-C30CC8A2B293}"
EndProject
Global
	GlobalSection(SolutionConfigurationPlatforms) = preSolution
		Debug|x64 = Debug|x64
		Debug|x86 = Debug|x86
		Release|x64 = Release|x64
		Release|x86 = Release|x86
	EndGlobalSection
	GlobalSection(ProjectConfigurationPlatforms) = postSolution
		{34699CD9-0878-46DC-8AE8-C30CC8A2B293}.Debug|x64.ActiveCfg = Debug|x64
		{34699CD9-0878-46DC-8AE8-C30CC8A2B293}.Debug|x64.Build.0 = Debug|x64
		{34699CD9-0878-46DC-8AE8-C30CC8A2B293}.Debug|x86.ActiveCfg = Debug|Win32
		{34699CD9-0878-46DC-8AE8-C30CC8A2B293}.Debug|x86.Build.0 = Debug|Win32
		{34699CD9-0878-46DC-8AE8-C30CC8A2B293}.Release|x64.ActiveCfg = Release|x64
		{34699CD9-0878-46DC-8AE8-C30CC8A2B293}.Release|x64.Build.0 = Release|x64
		{34699CD9-0878-46DC-8AE8-C30CC8A2B293}.Release|x86.ActiveCfg = Release|Win32
		{34699CD9-0878-46DC-8AE8-C30CC8A2B293}.Release|x86.Build.0 = Release|Win32
	EndGlobalSection
	GlobalSection(SolutionProperties) = preSolution
		HideSolutionNode = FALSE
	EndGlobalSection
	GlobalSection(ExtensibilityGlobals) = postSolution
		SolutionGuid = {65F42068-6992-478F-9BE1-5DDB4509C342}
	EndGlobalSection
EndGlobal
