
Microsoft Visual Studio Solution File, Format Version 12.00
# Visual Studio Version 17
VisualStudioVersion = 17.11.35222.181
MinimumVisualStudioVersion = 10.0.40219.1
Project("{FAE04EC0-301F-11D3-BF4B-00C04F79EFBC}") = "OS08_02", "OS08_02\OS08_02.csproj", "{D01962DA-3566-485D-8734-D46C51EA05A4}"
EndProject
Global
	GlobalSection(SolutionConfigurationPlatforms) = preSolution
		Debug|Any CPU = Debug|Any CPU
		Release|Any CPU = Release|Any CPU
	EndGlobalSection
	GlobalSection(ProjectConfigurationPlatforms) = postSolution
		{D01962DA-3566-485D-8734-D46C51EA05A4}.Debug|Any CPU.ActiveCfg = Debug|Any CPU
		{D01962DA-3566-485D-8734-D46C51EA05A4}.Debug|Any CPU.Build.0 = Debug|Any CPU
		{D01962DA-3566-485D-8734-D46C51EA05A4}.Release|Any CPU.ActiveCfg = Release|Any CPU
		{D01962DA-3566-485D-8734-D46C51EA05A4}.Release|Any CPU.Build.0 = Release|Any CPU
	EndGlobalSection
	GlobalSection(SolutionProperties) = preSolution
		HideSolutionNode = FALSE
	EndGlobalSection
	GlobalSection(ExtensibilityGlobals) = postSolution
		SolutionGuid = {B4A621EB-9D8D-4A85-A716-F410BC2DAA5B}
	EndGlobalSection
EndGlobal
