
Microsoft Visual Studio Solution File, Format Version 12.00
# Visual Studio Version 17
VisualStudioVersion = 17.11.35222.181
MinimumVisualStudioVersion = 10.0.40219.1
Project("{8BC9CEB8-8B4A-11D0-8D11-00A0C91BC942}") = "OS07_03", "OS07_03\OS07_03.vcxproj", "{B9F2BC87-777A-480D-A4F4-AB21E69D327F}"
EndProject
Global
	GlobalSection(SolutionConfigurationPlatforms) = preSolution
		Debug|x64 = Debug|x64
		Debug|x86 = Debug|x86
		Release|x64 = Release|x64
		Release|x86 = Release|x86
	EndGlobalSection
	GlobalSection(ProjectConfigurationPlatforms) = postSolution
		{B9F2BC87-777A-480D-A4F4-AB21E69D327F}.Debug|x64.ActiveCfg = Debug|x64
		{B9F2BC87-777A-480D-A4F4-AB21E69D327F}.Debug|x64.Build.0 = Debug|x64
		{B9F2BC87-777A-480D-A4F4-AB21E69D327F}.Debug|x86.ActiveCfg = Debug|Win32
		{B9F2BC87-777A-480D-A4F4-AB21E69D327F}.Debug|x86.Build.0 = Debug|Win32
		{B9F2BC87-777A-480D-A4F4-AB21E69D327F}.Release|x64.ActiveCfg = Release|x64
		{B9F2BC87-777A-480D-A4F4-AB21E69D327F}.Release|x64.Build.0 = Release|x64
		{B9F2BC87-777A-480D-A4F4-AB21E69D327F}.Release|x86.ActiveCfg = Release|Win32
		{B9F2BC87-777A-480D-A4F4-AB21E69D327F}.Release|x86.Build.0 = Release|Win32
	EndGlobalSection
	GlobalSection(SolutionProperties) = preSolution
		HideSolutionNode = FALSE
	EndGlobalSection
	GlobalSection(ExtensibilityGlobals) = postSolution
		SolutionGuid = {E03024B5-31DF-471A-B974-61B665507EC0}
	EndGlobalSection
EndGlobal
