
Microsoft Visual Studio Solution File, Format Version 12.00
# Visual Studio Version 17
VisualStudioVersion = 17.9.34902.65
MinimumVisualStudioVersion = 10.0.40219.1
Project("{8BC9CEB8-8B4A-11D0-8D11-00A0C91BC942}") = "ClientB", "ClientB\ClientB.vcxproj", "{77C1CB7C-818F-42DF-8614-BEDE3E3BF430}"
EndProject
Global
	GlobalSection(SolutionConfigurationPlatforms) = preSolution
		Debug|x64 = Debug|x64
		Debug|x86 = Debug|x86
		Release|x64 = Release|x64
		Release|x86 = Release|x86
	EndGlobalSection
	GlobalSection(ProjectConfigurationPlatforms) = postSolution
		{77C1CB7C-818F-42DF-8614-BEDE3E3BF430}.Debug|x64.ActiveCfg = Debug|x64
		{77C1CB7C-818F-42DF-8614-BEDE3E3BF430}.Debug|x64.Build.0 = Debug|x64
		{77C1CB7C-818F-42DF-8614-BEDE3E3BF430}.Debug|x86.ActiveCfg = Debug|Win32
		{77C1CB7C-818F-42DF-8614-BEDE3E3BF430}.Debug|x86.Build.0 = Debug|Win32
		{77C1CB7C-818F-42DF-8614-BEDE3E3BF430}.Release|x64.ActiveCfg = Release|x64
		{77C1CB7C-818F-42DF-8614-BEDE3E3BF430}.Release|x64.Build.0 = Release|x64
		{77C1CB7C-818F-42DF-8614-BEDE3E3BF430}.Release|x86.ActiveCfg = Release|Win32
		{77C1CB7C-818F-42DF-8614-BEDE3E3BF430}.Release|x86.Build.0 = Release|Win32
	EndGlobalSection
	GlobalSection(SolutionProperties) = preSolution
		HideSolutionNode = FALSE
	EndGlobalSection
	GlobalSection(ExtensibilityGlobals) = postSolution
		SolutionGuid = {BCCFD532-5FDD-4A64-BC9A-1A73C99357F6}
	EndGlobalSection
EndGlobal
