
Microsoft Visual Studio Solution File, Format Version 12.00
# Visual Studio Version 17
VisualStudioVersion = 17.11.35222.181
MinimumVisualStudioVersion = 10.0.40219.1
Project("{FAE04EC0-301F-11D3-BF4B-00C04F79EFBC}") = "OS05_02", "OS05_02\OS05_02.csproj", "{B63B5F50-F868-4EFA-AFB7-FFBCA5332384}"
EndProject
Global
	GlobalSection(SolutionConfigurationPlatforms) = preSolution
		Debug|Any CPU = Debug|Any CPU
		Release|Any CPU = Release|Any CPU
	EndGlobalSection
	GlobalSection(ProjectConfigurationPlatforms) = postSolution
		{B63B5F50-F868-4EFA-AFB7-FFBCA5332384}.Debug|Any CPU.ActiveCfg = Debug|Any CPU
		{B63B5F50-F868-4EFA-AFB7-FFBCA5332384}.Debug|Any CPU.Build.0 = Debug|Any CPU
		{B63B5F50-F868-4EFA-AFB7-FFBCA5332384}.Release|Any CPU.ActiveCfg = Release|Any CPU
		{B63B5F50-F868-4EFA-AFB7-FFBCA5332384}.Release|Any CPU.Build.0 = Release|Any CPU
	EndGlobalSection
	GlobalSection(SolutionProperties) = preSolution
		HideSolutionNode = FALSE
	EndGlobalSection
	GlobalSection(ExtensibilityGlobals) = postSolution
		SolutionGuid = {EDF07602-DFF9-4A5E-9D33-853C8E464973}
	EndGlobalSection
EndGlobal
